// !$*UTF8*$!
{
	archiveVersion = 1;
	classes = {
	};
	objectVersion = 56;
	objects = {

/* Begin PBXBuildFile section */
		A1B2C3D4E5F60030A2B3C4D5 /* OCRCurrencyConverterApp.swift in Sources */ = {isa = PBXBuildFile; fileRef = A1B2C3D4E5F60020A2B3C4D5 /* OCRCurrencyConverterApp.swift */; };
		A1B2C3D4E5F60031A2B3C4D5 /* ContentView.swift in Sources */ = {isa = PBXBuildFile; fileRef = A1B2C3D4E5F60021A2B3C4D5 /* ContentView.swift */; };
		A1B2C3D4E5F60032A2B3C4D5 /* Currency.swift in Sources */ = {isa = PBXBuildFile; fileRef = A1B2C3D4E5F60022A2B3C4D5 /* Currency.swift */; };
		A1B2C3D4E5F60033A2B3C4D5 /* ExchangeRate.swift in Sources */ = {isa = PBXBuildFile; fileRef = A1B2C3D4E5F60023A2B3C4D5 /* ExchangeRate.swift */; };
		A1B2C3D4E5F60034A2B3C4D5 /* OCRService.swift in Sources */ = {isa = PBXBuildFile; fileRef = A1B2C3D4E5F60024A2B3C4D5 /* OCRService.swift */; };
		A1B2C3D4E5F60035A2B3C4D5 /* ExchangeRateService.swift in Sources */ = {isa = PBXBuildFile; fileRef = A1B2C3D4E5F60025A2B3C4D5 /* ExchangeRateService.swift */; };
		A1B2C3D4E5F60036A2B3C4D5 /* ScannerViewModel.swift in Sources */ = {isa = PBXBuildFile; fileRef = A1B2C3D4E5F60026A2B3C4D5 /* ScannerViewModel.swift */; };
		A1B2C3D4E5F60037A2B3C4D5 /* CameraPreviewView.swift in Sources */ = {isa = PBXBuildFile; fileRef = A1B2C3D4E5F60027A2B3C4D5 /* CameraPreviewView.swift */; };
		A1B2C3D4E5F60038A2B3C4D5 /* ScannerView.swift in Sources */ = {isa = PBXBuildFile; fileRef = A1B2C3D4E5F60028A2B3C4D5 /* ScannerView.swift */; };
		A1B2C3D4E5F60039A2B3C4D5 /* CurrencySelectorView.swift in Sources */ = {isa = PBXBuildFile; fileRef = A1B2C3D4E5F60029A2B3C4D5 /* CurrencySelectorView.swift */; };
		A1B2C3D4E5F6003AA2B3C4D5 /* Assets.xcassets in Resources */ = {isa = PBXBuildFile; fileRef = A1B2C3D4E5F6002BA2B3C4D5 /* Assets.xcassets */; };
/* End PBXBuildFile section */

/* Begin PBXFileReference section */
		A1B2C3D4E5F60011A2B3C4D5 /* OCRCurrencyConverter.app */ = {isa = PBXFileReference; explicitFileType = wrapper.application; includeInIndex = 0; path = OCRCurrencyConverter.app; sourceTree = BUILT_PRODUCTS_DIR; };
		A1B2C3D4E5F60020A2B3C4D5 /* OCRCurrencyConverterApp.swift */ = {isa = PBXFileReference; lastKnownFileType = sourcecode.swift; path = OCRCurrencyConverterApp.swift; sourceTree = "<group>"; };
		A1B2C3D4E5F60021A2B3C4D5 /* ContentView.swift */ = {isa = PBXFileReference; lastKnownFileType = sourcecode.swift; path = ContentView.swift; sourceTree = "<group>"; };
		A1B2C3D4E5F60022A2B3C4D5 /* Currency.swift */ = {isa = PBXFileReference; lastKnownFileType = sourcecode.swift; path = Currency.swift; sourceTree = "<group>"; };
		A1B2C3D4E5F60023A2B3C4D5 /* ExchangeRate.swift */ = {isa = PBXFileReference; lastKnownFileType = sourcecode.swift; path = ExchangeRate.swift; sourceTree = "<group>"; };
		A1B2C3D4E5F60024A2B3C4D5 /* OCRService.swift */ = {isa = PBXFileReference; lastKnownFileType = sourcecode.swift; path = OCRService.swift; sourceTree = "<group>"; };
		A1B2C3D4E5F60025A2B3C4D5 /* ExchangeRateService.swift */ = {isa = PBXFileReference; lastKnownFileType = sourcecode.swift; path = ExchangeRateService.swift; sourceTree = "<group>"; };
		A1B2C3D4E5F60026A2B3C4D5 /* ScannerViewModel.swift */ = {isa = PBXFileReference; lastKnownFileType = sourcecode.swift; path = ScannerViewModel.swift; sourceTree = "<group>"; };
		A1B2C3D4E5F60027A2B3C4D5 /* CameraPreviewView.swift */ = {isa = PBXFileReference; lastKnownFileType = sourcecode.swift; path = CameraPreviewView.swift; sourceTree = "<group>"; };
		A1B2C3D4E5F60028A2B3C4D5 /* ScannerView.swift */ = {isa = PBXFileReference; lastKnownFileType = sourcecode.swift; path = ScannerView.swift; sourceTree = "<group>"; };
		A1B2C3D4E5F60029A2B3C4D5 /* CurrencySelectorView.swift */ = {isa = PBXFileReference; lastKnownFileType = sourcecode.swift; path = CurrencySelectorView.swift; sourceTree = "<group>"; };
		A1B2C3D4E5F6002AA2B3C4D5 /* Info.plist */ = {isa = PBXFileReference; lastKnownFileType = text.plist.xml; path = Info.plist; sourceTree = "<group>"; };
		A1B2C3D4E5F6002BA2B3C4D5 /* Assets.xcassets */ = {isa = PBXFileReference; lastKnownFileType = folder.assetcatalog; path = Assets.xcassets; sourceTree = "<group>"; };
/* End PBXFileReference section */

/* Begin PBXFrameworksBuildPhase section */
		A1B2C3D4E5F60041A2B3C4D5 /* Frameworks */ = {
			isa = PBXFrameworksBuildPhase;
			buildActionMask = 2147483647;
			files = (
			);
			runOnlyForDeploymentPostprocessing = 0;
		};
/* End PBXFrameworksBuildPhase section */

/* Begin PBXGroup section */
		A1B2C3D4E5F60001A2B3C4D5 = {
			isa = PBXGroup;
			children = (
				A1B2C3D4E5F60003A2B3C4D5 /* OCRCurrencyConverter */,
				A1B2C3D4E5F60002A2B3C4D5 /* Products */,
			);
			sourceTree = "<group>";
		};
		A1B2C3D4E5F60002A2B3C4D5 /* Products */ = {
			isa = PBXGroup;
			children = (
				A1B2C3D4E5F60011A2B3C4D5 /* OCRCurrencyConverter.app */,
			);
			name = Products;
			sourceTree = "<group>";
		};
		A1B2C3D4E5F60003A2B3C4D5 /* OCRCurrencyConverter */ = {
			isa = PBXGroup;
			children = (
				A1B2C3D4E5F60020A2B3C4D5 /* OCRCurrencyConverterApp.swift */,
				A1B2C3D4E5F60021A2B3C4D5 /* ContentView.swift */,
				A1B2C3D4E5F60004A2B3C4D5 /* Models */,
				A1B2C3D4E5F60005A2B3C4D5 /* Services */,
				A1B2C3D4E5F60006A2B3C4D5 /* ViewModels */,
				A1B2C3D4E5F60007A2B3C4D5 /* Views */,
				A1B2C3D4E5F6002BA2B3C4D5 /* Assets.xcassets */,
				A1B2C3D4E5F6002AA2B3C4D5 /* Info.plist */,
			);
			path = OCRCurrencyConverter;
			sourceTree = "<group>";
		};
		A1B2C3D4E5F60004A2B3C4D5 /* Models */ = {
			isa = PBXGroup;
			children = (
				A1B2C3D4E5F60022A2B3C4D5 /* Currency.swift */,
				A1B2C3D4E5F60023A2B3C4D5 /* ExchangeRate.swift */,
			);
			path = Models;
			sourceTree = "<group>";
		};
		A1B2C3D4E5F60005A2B3C4D5 /* Services */ = {
			isa = PBXGroup;
			children = (
				A1B2C3D4E5F60024A2B3C4D5 /* OCRService.swift */,
				A1B2C3D4E5F60025A2B3C4D5 /* ExchangeRateService.swift */,
			);
			path = Services;
			sourceTree = "<group>";
		};
		A1B2C3D4E5F60006A2B3C4D5 /* ViewModels */ = {
			isa = PBXGroup;
			children = (
				A1B2C3D4E5F60026A2B3C4D5 /* ScannerViewModel.swift */,
			);
			path = ViewModels;
			sourceTree = "<group>";
		};
		A1B2C3D4E5F60007A2B3C4D5 /* Views */ = {
			isa = PBXGroup;
			children = (
				A1B2C3D4E5F60027A2B3C4D5 /* CameraPreviewView.swift */,
				A1B2C3D4E5F60028A2B3C4D5 /* ScannerView.swift */,
				A1B2C3D4E5F60029A2B3C4D5 /* CurrencySelectorView.swift */,
			);
			path = Views;
			sourceTree = "<group>";
		};
/* End PBXGroup section */

/* Begin PBXNativeTarget section */
		A1B2C3D4E5F60010A2B3C4D5 /* OCRCurrencyConverter */ = {
			isa = PBXNativeTarget;
			buildConfigurationList = A1B2C3D4E5F60055A2B3C4D5 /* Build configuration list for PBXNativeTarget "OCRCurrencyConverter" */;
			buildPhases = (
				A1B2C3D4E5F60040A2B3C4D5 /* Sources */,
				A1B2C3D4E5F60041A2B3C4D5 /* Frameworks */,
				A1B2C3D4E5F60042A2B3C4D5 /* Resources */,
			);
			buildRules = (
			);
			dependencies = (
			);
			name = OCRCurrencyConverter;
			productName = OCRCurrencyConverter;
			productReference = A1B2C3D4E5F60011A2B3C4D5 /* OCRCurrencyConverter.app */;
			productType = "com.apple.product-type.application";
		};
/* End PBXNativeTarget section */

/* Begin PBXProject section */
		A1B2C3D4E5F60000A2B3C4D5 /* Project object */ = {
			isa = PBXProject;
			attributes = {
				BuildIndependentTargetsInParallel = 1;
				LastSwiftUpdateCheck = 1500;
				LastUpgradeCheck = 1500;
				TargetAttributes = {
					A1B2C3D4E5F60010A2B3C4D5 = {
						CreatedOnToolsVersion = 15.0;
					};
				};
			};
			buildConfigurationList = A1B2C3D4E5F60052A2B3C4D5 /* Build configuration list for PBXProject "OCRCurrencyConverter" */;
			compatibilityVersion = "Xcode 14.0";
			developmentRegion = en;
			hasScannedForEncodings = 0;
			knownRegions = (
				en,
				Base,
			);
			mainGroup = A1B2C3D4E5F60001A2B3C4D5;
			productRefGroup = A1B2C3D4E5F60002A2B3C4D5 /* Products */;
			projectDirPath = "";
			projectRoot = "";
			targets = (
				A1B2C3D4E5F60010A2B3C4D5 /* OCRCurrencyConverter */,
			);
		};
/* End PBXProject section */

/* Begin PBXResourcesBuildPhase section */
		A1B2C3D4E5F60042A2B3C4D5 /* Resources */ = {
			isa = PBXResourcesBuildPhase;
			buildActionMask = 2147483647;
			files = (
				A1B2C3D4E5F6003AA2B3C4D5 /* Assets.xcassets in Resources */,
			);
			runOnlyForDeploymentPostprocessing = 0;
		};
/* End PBXResourcesBuildPhase section */

/* Begin PBXSourcesBuildPhase section */
		A1B2C3D4E5F60040A2B3C4D5 /* Sources */ = {
			isa = PBXSourcesBuildPhase;
			buildActionMask = 2147483647;
			files = (
				A1B2C3D4E5F60030A2B3C4D5 /* OCRCurrencyConverterApp.swift in Sources */,
				A1B2C3D4E5F60031A2B3C4D5 /* ContentView.swift in Sources */,
				A1B2C3D4E5F60032A2B3C4D5 /* Currency.swift in Sources */,
				A1B2C3D4E5F60033A2B3C4D5 /* ExchangeRate.swift in Sources */,
				A1B2C3D4E5F60034A2B3C4D5 /* OCRService.swift in Sources */,
				A1B2C3D4E5F60035A2B3C4D5 /* ExchangeRateService.swift in Sources */,
				A1B2C3D4E5F60036A2B3C4D5 /* ScannerViewModel.swift in Sources */,
				A1B2C3D4E5F60037A2B3C4D5 /* CameraPreviewView.swift in Sources */,
				A1B2C3D4E5F60038A2B3C4D5 /* ScannerView.swift in Sources */,
				A1B2C3D4E5F60039A2B3C4D5 /* CurrencySelectorView.swift in Sources */,
			);
			runOnlyForDeploymentPostprocessing = 0;
		};
/* End PBXSourcesBuildPhase section */

/* Begin XCBuildConfiguration section */
		A1B2C3D4E5F60050A2B3C4D5 /* Debug */ = {
			isa = XCBuildConfiguration;
			buildSettings = {
				ALWAYS_SEARCH_USER_PATHS = NO;
				CLANG_ANALYZER_NONNULL = YES;
				CLANG_ANALYZER_NUMBER_OBJECT_CONVERSION = YES_AGGRESSIVE;
				CLANG_CXX_LANGUAGE_STANDARD = "gnu++17";
				CLANG_ENABLE_MODULES = YES;
				CLANG_ENABLE_OBJC_ARC = YES;
				CLANG_ENABLE_OBJC_WEAK = YES;
				CLANG_WARN_BLOCK_CAPTURE_AUTORELEASING = YES;
				CLANG_WARN_BOOL_CONVERSION = YES;
				CLANG_WARN_COMMA = YES;
				CLANG_WARN_CONSTANT_CONVERSION = YES;
				CLANG_WARN_DEPRECATED_OBJC_IMPLEMENTATIONS = YES;
				CLANG_WARN_DIRECT_OBJC_ISA_USAGE = YES_ERROR;
				CLANG_WARN_DOCUMENTATION_COMMENTS = YES;
				CLANG_WARN_EMPTY_BODY = YES;
				CLANG_WARN_ENUM_CONVERSION = YES;
				CLANG_WARN_INFINITE_RECURSION = YES;
				CLANG_WARN_INT_CONVERSION = YES;
				CLANG_WARN_NON_LITERAL_NULL_CONVERSION = YES;
				CLANG_WARN_OBJC_IMPLICIT_RETAIN_SELF = YES;
				CLANG_WARN_OBJC_LITERAL_CONVERSION = YES;
				CLANG_WARN_OBJC_ROOT_CLASS = YES_ERROR;
				CLANG_WARN_QUOTED_INCLUDE_IN_FRAMEWORK_HEADER = YES;
				CLANG_WARN_RANGE_LOOP_ANALYSIS = YES;
				CLANG_WARN_STRICT_PROTOTYPES = YES;
				CLANG_WARN_SUSPICIOUS_MOVE = YES;
				CLANG_WARN_UNGUARDED_AVAILABILITY = YES_AGGRESSIVE;
				CLANG_WARN_UNREACHABLE_CODE = YES;
				CLANG_WARN__DUPLICATE_METHOD_MATCH = YES;
				COPY_PHASE_STRIP = NO;
				DEBUG_INFORMATION_FORMAT = dwarf;
				ENABLE_STRICT_OBJC_MSGSEND = YES;
				ENABLE_TESTABILITY = YES;
				GCC_C_LANGUAGE_STANDARD = gnu11;
				GCC_DYNAMIC_NO_PIC = NO;
				GCC_NO_COMMON_BLOCKS = YES;
				GCC_OPTIMIZATION_LEVEL = 0;
				GCC_PREPROCESSOR_DEFINITIONS = (
					"DEBUG=1",
					"$(inherited)",
				);
				GCC_WARN_64_TO_32_BIT_CONVERSION = YES;
				GCC_WARN_ABOUT_RETURN_TYPE = YES_ERROR;
				GCC_WARN_UNDECLARED_SELECTOR = YES;
				GCC_WARN_UNINITIALIZED_AUTOS = YES_AGGRESSIVE;
				GCC_WARN_UNUSED_FUNCTION = YES;
				GCC_WARN_UNUSED_VARIABLE = YES;
				IPHONEOS_DEPLOYMENT_TARGET = 16.0;
				MTL_ENABLE_DEBUG_INFO = INCLUDE_SOURCE;
				MTL_FAST_MATH = YES;
				ONLY_ACTIVE_ARCH = YES;
				SDKROOT = iphoneos;
				SWIFT_ACTIVE_COMPILATION_CONDITIONS = DEBUG;
				SWIFT_OPTIMIZATION_LEVEL = "-Onone";
			};
			name = Debug;
		};
		A1B2C3D4E5F60051A2B3C4D5 /* Release */ = {
			isa = XCBuildConfiguration;
			buildSettings = {
				ALWAYS_SEARCH_USER_PATHS = NO;
				CLANG_ANALYZER_NONNULL = YES;
				CLANG_ANALYZER_NUMBER_OBJECT_CONVERSION = YES_AGGRESSIVE;
				CLANG_CXX_LANGUAGE_STANDARD = "gnu++17";
				CLANG_ENABLE_MODULES = YES;
				CLANG_ENABLE_OBJC_ARC = YES;
				CLANG_ENABLE_OBJC_WEAK = YES;
				CLANG_WARN_BLOCK_CAPTURE_AUTORELEASING = YES;
				CLANG_WARN_BOOL_CONVERSION = YES;
				CLANG_WARN_COMMA = YES;
				CLANG_WARN_CONSTANT_CONVERSION = YES;
				CLANG_WARN_DEPRECATED_OBJC_IMPLEMENTATIONS = YES;
				CLANG_WARN_DIRECT_OBJC_ISA_USAGE = YES_ERROR;
				CLANG_WARN_DOCUMENTATION_COMMENTS = YES;
				CLANG_WARN_EMPTY_BODY = YES;
				CLANG_WARN_ENUM_CONVERSION = YES;
				CLANG_WARN_INFINITE_RECURSION = YES;
				CLANG_WARN_INT_CONVERSION = YES;
				CLANG_WARN_NON_LITERAL_NULL_CONVERSION = YES;
				CLANG_WARN_OBJC_IMPLICIT_RETAIN_SELF = YES;
				CLANG_WARN_OBJC_LITERAL_CONVERSION = YES;
				CLANG_WARN_OBJC_ROOT_CLASS = YES_ERROR;
				CLANG_WARN_QUOTED_INCLUDE_IN_FRAMEWORK_HEADER = YES;
				CLANG_WARN_RANGE_LOOP_ANALYSIS = YES;
				CLANG_WARN_STRICT_PROTOTYPES = YES;
				CLANG_WARN_SUSPICIOUS_MOVE = YES;
				CLANG_WARN_UNGUARDED_AVAILABILITY = YES_AGGRESSIVE;
				CLANG_WARN_UNREACHABLE_CODE = YES;
				CLANG_WARN__DUPLICATE_METHOD_MATCH = YES;
				COPY_PHASE_STRIP = NO;
				DEBUG_INFORMATION_FORMAT = "dwarf-with-dsym";
				ENABLE_NS_ASSERTIONS = NO;
				ENABLE_STRICT_OBJC_MSGSEND = YES;
				GCC_C_LANGUAGE_STANDARD = gnu11;
				GCC_NO_COMMON_BLOCKS = YES;
				GCC_OPTIMIZATION_LEVEL = s;
				GCC_WARN_64_TO_32_BIT_CONVERSION = YES;
				GCC_WARN_ABOUT_RETURN_TYPE = YES_ERROR;
				GCC_WARN_UNDECLARED_SELECTOR = YES;
				GCC_WARN_UNINITIALIZED_AUTOS = YES_AGGRESSIVE;
				GCC_WARN_UNUSED_FUNCTION = YES;
				GCC_WARN_UNUSED_VARIABLE = YES;
				IPHONEOS_DEPLOYMENT_TARGET = 16.0;
				MTL_ENABLE_DEBUG_INFO = NO;
				MTL_FAST_MATH = YES;
				SDKROOT = iphoneos;
				SWIFT_COMPILATION_MODE = wholemodule;
				SWIFT_OPTIMIZATION_LEVEL = "-O";
				VALIDATE_PRODUCT = YES;
			};
			name = Release;
		};
		A1B2C3D4E5F60053A2B3C4D5 /* Debug */ = {
			isa = XCBuildConfiguration;
			buildSettings = {
				ASSETCATALOG_COMPILER_APPICON_NAME = AppIcon;
				ASSETCATALOG_COMPILER_GLOBAL_ACCENT_COLOR_NAME = AccentColor;
				CODE_SIGN_STYLE = Automatic;
				CURRENT_PROJECT_VERSION = 1;
				DEVELOPMENT_TEAM = "";
				GENERATE_INFOPLIST_FILE = NO;
				INFOPLIST_FILE = "OCRCurrencyConverter/Info.plist";
				LD_RUNPATH_SEARCH_PATHS = (
					"$(inherited)",
					"@executable_path/Frameworks",
				);
				MARKETING_VERSION = 1.0;
				PRODUCT_BUNDLE_IDENTIFIER = "com.example.OCRCurrencyConverter";
				PRODUCT_NAME = "$(TARGET_NAME)";
				SWIFT_EMIT_LOC_STRINGS = YES;
				SWIFT_VERSION = 5.0;
				TARGETED_DEVICE_FAMILY = 1;
			};
			name = Debug;
		};
		A1B2C3D4E5F60054A2B3C4D5 /* Release */ = {
			isa = XCBuildConfiguration;
			buildSettings = {
				ASSETCATALOG_COMPILER_APPICON_NAME = AppIcon;
				ASSETCATALOG_COMPILER_GLOBAL_ACCENT_COLOR_NAME = AccentColor;
				CODE_SIGN_STYLE = Automatic;
				CURRENT_PROJECT_VERSION = 1;
				DEVELOPMENT_TEAM = "";
				GENERATE_INFOPLIST_FILE = NO;
				INFOPLIST_FILE = "OCRCurrencyConverter/Info.plist";
				LD_RUNPATH_SEARCH_PATHS = (
					"$(inherited)",
					"@executable_path/Frameworks",
				);
				MARKETING_VERSION = 1.0;
				PRODUCT_BUNDLE_IDENTIFIER = "com.example.OCRCurrencyConverter";
				PRODUCT_NAME = "$(TARGET_NAME)";
				SWIFT_EMIT_LOC_STRINGS = YES;
				SWIFT_VERSION = 5.0;
				TARGETED_DEVICE_FAMILY = 1;
			};
			name = Release;
		};
/* End XCBuildConfiguration section */

/* Begin XCConfigurationList section */
		A1B2C3D4E5F60052A2B3C4D5 /* Build configuration list for PBXProject "OCRCurrencyConverter" */ = {
			isa = XCConfigurationList;
			buildConfigurations = (
				A1B2C3D4E5F60050A2B3C4D5 /* Debug */,
				A1B2C3D4E5F60051A2B3C4D5 /* Release */,
			);
			defaultConfigurationIsVisible = 0;
			defaultConfigurationName = Release;
		};
		A1B2C3D4E5F60055A2B3C4D5 /* Build configuration list for PBXNativeTarget "OCRCurrencyConverter" */ = {
			isa = XCConfigurationList;
			buildConfigurations = (
				A1B2C3D4E5F60053A2B3C4D5 /* Debug */,
				A1B2C3D4E5F60054A2B3C4D5 /* Release */,
			);
			defaultConfigurationIsVisible = 0;
			defaultConfigurationName = Release;
		};
/* End XCConfigurationList section */

	};
	rootObject = A1B2C3D4E5F60000A2B3C4D5 /* Project object */;
}
