// !$*UTF8*$!
{
	archiveVersion = 1;
	classes = {
	};
	objectVersion = 56;
	objects = {

/* Begin PBXBuildFile section */
		A101 /* RoastBotApp.swift in Sources */ = {isa = PBXBuildFile; fileRef = A001 /* RoastBotApp.swift */; };
		A102 /* ContentView.swift in Sources */ = {isa = PBXBuildFile; fileRef = A002 /* ContentView.swift */; };
		A103 /* AIProvider.swift in Sources */ = {isa = PBXBuildFile; fileRef = A003 /* AIProvider.swift */; };
		A104 /* RoastConfig.swift in Sources */ = {isa = PBXBuildFile; fileRef = A004 /* RoastConfig.swift */; };
		A105 /* RoastResult.swift in Sources */ = {isa = PBXBuildFile; fileRef = A005 /* RoastResult.swift */; };
		A106 /* AIService.swift in Sources */ = {isa = PBXBuildFile; fileRef = A006 /* AIService.swift */; };
		A107 /* AIProviderServices.swift in Sources */ = {isa = PBXBuildFile; fileRef = A007 /* AIProviderServices.swift */; };
		A108 /* KeychainHelper.swift in Sources */ = {isa = PBXBuildFile; fileRef = A008 /* KeychainHelper.swift */; };
		A109 /* ImageUtils.swift in Sources */ = {isa = PBXBuildFile; fileRef = A009 /* ImageUtils.swift */; };
		A110 /* SettingsStore.swift in Sources */ = {isa = PBXBuildFile; fileRef = A010 /* SettingsStore.swift */; };
		A111 /* HomeView.swift in Sources */ = {isa = PBXBuildFile; fileRef = A011 /* HomeView.swift */; };
		A112 /* CameraView.swift in Sources */ = {isa = PBXBuildFile; fileRef = A012 /* CameraView.swift */; };
		A113 /* CustomizeRoastView.swift in Sources */ = {isa = PBXBuildFile; fileRef = A013 /* CustomizeRoastView.swift */; };
		A114 /* RoastResultsView.swift in Sources */ = {isa = PBXBuildFile; fileRef = A014 /* RoastResultsView.swift */; };
		A115 /* SettingsView.swift in Sources */ = {isa = PBXBuildFile; fileRef = A015 /* SettingsView.swift */; };
		A116 /* Assets.xcassets in Resources */ = {isa = PBXBuildFile; fileRef = A016 /* Assets.xcassets */; };
		A117 /* Info.plist in Resources */ = {isa = PBXBuildFile; fileRef = A017 /* Info.plist */; };
/* End PBXBuildFile section */

/* Begin PBXFileReference section */
		A001 /* RoastBotApp.swift */ = {isa = PBXFileReference; lastKnownFileType = sourcecode.swift; path = RoastBotApp.swift; sourceTree = "<group>"; };
		A002 /* ContentView.swift */ = {isa = PBXFileReference; lastKnownFileType = sourcecode.swift; path = ContentView.swift; sourceTree = "<group>"; };
		A003 /* AIProvider.swift */ = {isa = PBXFileReference; lastKnownFileType = sourcecode.swift; path = AIProvider.swift; sourceTree = "<group>"; };
		A004 /* RoastConfig.swift */ = {isa = PBXFileReference; lastKnownFileType = sourcecode.swift; path = RoastConfig.swift; sourceTree = "<group>"; };
		A005 /* RoastResult.swift */ = {isa = PBXFileReference; lastKnownFileType = sourcecode.swift; path = RoastResult.swift; sourceTree = "<group>"; };
		A006 /* AIService.swift */ = {isa = PBXFileReference; lastKnownFileType = sourcecode.swift; path = AIService.swift; sourceTree = "<group>"; };
		A007 /* AIProviderServices.swift */ = {isa = PBXFileReference; lastKnownFileType = sourcecode.swift; path = AIProviderServices.swift; sourceTree = "<group>"; };
		A008 /* KeychainHelper.swift */ = {isa = PBXFileReference; lastKnownFileType = sourcecode.swift; path = KeychainHelper.swift; sourceTree = "<group>"; };
		A009 /* ImageUtils.swift */ = {isa = PBXFileReference; lastKnownFileType = sourcecode.swift; path = ImageUtils.swift; sourceTree = "<group>"; };
		A010 /* SettingsStore.swift */ = {isa = PBXFileReference; lastKnownFileType = sourcecode.swift; path = SettingsStore.swift; sourceTree = "<group>"; };
		A011 /* HomeView.swift */ = {isa = PBXFileReference; lastKnownFileType = sourcecode.swift; path = HomeView.swift; sourceTree = "<group>"; };
		A012 /* CameraView.swift */ = {isa = PBXFileReference; lastKnownFileType = sourcecode.swift; path = CameraView.swift; sourceTree = "<group>"; };
		A013 /* CustomizeRoastView.swift */ = {isa = PBXFileReference; lastKnownFileType = sourcecode.swift; path = CustomizeRoastView.swift; sourceTree = "<group>"; };
		A014 /* RoastResultsView.swift */ = {isa = PBXFileReference; lastKnownFileType = sourcecode.swift; path = RoastResultsView.swift; sourceTree = "<group>"; };
		A015 /* SettingsView.swift */ = {isa = PBXFileReference; lastKnownFileType = sourcecode.swift; path = SettingsView.swift; sourceTree = "<group>"; };
		A016 /* Assets.xcassets */ = {isa = PBXFileReference; lastKnownFileType = folder.assetcatalog; path = Assets.xcassets; sourceTree = "<group>"; };
		A017 /* Info.plist */ = {isa = PBXFileReference; lastKnownFileType = text.plist.xml; path = Info.plist; sourceTree = "<group>"; };
		APPREF /* RoastBot.app */ = {isa = PBXFileReference; explicitFileType = wrapper.application; includeInIndex = 0; path = RoastBot.app; sourceTree = BUILT_PRODUCTS_DIR; };
/* End PBXFileReference section */

/* Begin PBXFrameworksBuildPhase section */
		FWBP /* Frameworks */ = {
			isa = PBXFrameworksBuildPhase;
			buildActionMask = 2147483647;
			files = (
			);
			runOnlyForDeploymentPostprocessing = 0;
		};
/* End PBXFrameworksBuildPhase section */

/* Begin PBXGroup section */
		MAINGRP /* RoastBot */ = {
			isa = PBXGroup;
			children = (
				SRCGRP /* RoastBot */,
				PRODGRP /* Products */,
			);
			sourceTree = "<group>";
		};
		PRODGRP /* Products */ = {
			isa = PBXGroup;
			children = (
				APPREF /* RoastBot.app */,
			);
			name = Products;
			sourceTree = "<group>";
		};
		SRCGRP /* RoastBot */ = {
			isa = PBXGroup;
			children = (
				A001 /* RoastBotApp.swift */,
				A002 /* ContentView.swift */,
				A016 /* Assets.xcassets */,
				A017 /* Info.plist */,
				MODGRP /* Models */,
				VIEWGRP /* Views */,
				SVCGRP /* Services */,
				UTILGRP /* Utilities */,
			);
			path = RoastBot;
			sourceTree = "<group>";
		};
		MODGRP /* Models */ = {
			isa = PBXGroup;
			children = (
				A003 /* AIProvider.swift */,
				A004 /* RoastConfig.swift */,
				A005 /* RoastResult.swift */,
			);
			path = Models;
			sourceTree = "<group>";
		};
		VIEWGRP /* Views */ = {
			isa = PBXGroup;
			children = (
				A011 /* HomeView.swift */,
				A012 /* CameraView.swift */,
				A013 /* CustomizeRoastView.swift */,
				A014 /* RoastResultsView.swift */,
				A015 /* SettingsView.swift */,
			);
			path = Views;
			sourceTree = "<group>";
		};
		SVCGRP /* Services */ = {
			isa = PBXGroup;
			children = (
				A006 /* AIService.swift */,
				A007 /* AIProviderServices.swift */,
			);
			path = Services;
			sourceTree = "<group>";
		};
		UTILGRP /* Utilities */ = {
			isa = PBXGroup;
			children = (
				A008 /* KeychainHelper.swift */,
				A009 /* ImageUtils.swift */,
				A010 /* SettingsStore.swift */,
			);
			path = Utilities;
			sourceTree = "<group>";
		};
/* End PBXGroup section */

/* Begin PBXNativeTarget section */
		TARGET /* RoastBot */ = {
			isa = PBXNativeTarget;
			buildConfigurationList = BUILDCFG;
			buildPhases = (
				SRCBP /* Sources */,
				FWBP /* Frameworks */,
				RESBP /* Resources */,
			);
			buildRules = (
			);
			dependencies = (
			);
			name = RoastBot;
			productName = RoastBot;
			productReference = APPREF /* RoastBot.app */;
			productType = "com.apple.product-type.application";
		};
/* End PBXNativeTarget section */

/* Begin PBXProject section */
		PROJECT /* Project object */ = {
			isa = PBXProject;
			attributes = {
				BuildIndependentTargetsInParallel = 1;
				LastSwiftUpdateCheck = 1540;
				LastUpgradeCheck = 1540;
				TargetAttributes = {
					TARGET = {
						CreatedOnToolsVersion = 15.4;
					};
				};
			};
			buildConfigurationList = PROJCFG;
			compatibilityVersion = "Xcode 14.0";
			developmentRegion = en;
			hasScannedForEncodings = 0;
			knownRegions = (
				en,
				Base,
			);
			mainGroup = MAINGRP;
			productRefGroup = PRODGRP;
			projectDirPath = "";
			projectRoot = "";
			targets = (
				TARGET /* RoastBot */,
			);
		};
/* End PBXProject section */

/* Begin PBXResourcesBuildPhase section */
		RESBP /* Resources */ = {
			isa = PBXResourcesBuildPhase;
			buildActionMask = 2147483647;
			files = (
				A116 /* Assets.xcassets in Resources */,
			);
			runOnlyForDeploymentPostprocessing = 0;
		};
/* End PBXResourcesBuildPhase section */

/* Begin PBXSourcesBuildPhase section */
		SRCBP /* Sources */ = {
			isa = PBXSourcesBuildPhase;
			buildActionMask = 2147483647;
			files = (
				A101 /* RoastBotApp.swift in Sources */,
				A102 /* ContentView.swift in Sources */,
				A103 /* AIProvider.swift in Sources */,
				A104 /* RoastConfig.swift in Sources */,
				A105 /* RoastResult.swift in Sources */,
				A106 /* AIService.swift in Sources */,
				A107 /* AIProviderServices.swift in Sources */,
				A108 /* KeychainHelper.swift in Sources */,
				A109 /* ImageUtils.swift in Sources */,
				A110 /* SettingsStore.swift in Sources */,
				A111 /* HomeView.swift in Sources */,
				A112 /* CameraView.swift in Sources */,
				A113 /* CustomizeRoastView.swift in Sources */,
				A114 /* RoastResultsView.swift in Sources */,
				A115 /* SettingsView.swift in Sources */,
			);
			runOnlyForDeploymentPostprocessing = 0;
		};
/* End PBXSourcesBuildPhase section */

/* Begin XCBuildConfiguration section */
		BC_DEBUG /* Debug */ = {
			isa = XCBuildConfiguration;
			buildSettings = {
				ALWAYS_SEARCH_USER_PATHS = NO;
				ASSETCATALOG_COMPILER_GENERATE_SWIFT_ASSET_SYMBOL_EXTENSIONS = YES;
				CLANG_ANALYZER_NONNULL = YES;
				CLANG_ANALYZER_NUMBER_OBJECT_CONVERSION = YES_AGGRESSIVE;
				CLANG_CXX_LANGUAGE_STANDARD = "gnu++20";
				CLANG_ENABLE_MODULES = YES;
				CLANG_ENABLE_OBJC_ARC = YES;
				CLANG_ENABLE_OBJC_WEAK = YES;
				CLANG_WARN_BLOCK_CAPTURE_AUTORELEASING = YES;
				CLANG_WARN_BOOL_CONVERSION = YES;
				CLANG_WARN_COMMA = YES;
				CLANG_WARN_CONSTANT_CONVERSION = YES;
				CLANG_WARN_DEPRECATED_OBJC_IMPLEMENTATIONS = YES;
				CLANG_WARN_DIRECT_OBJC_ISA_USAGE = YES_ERROR;
				CLANG_WARN_DOCUMENTATION_COMMENTS = YES;
				CLANG_WARN_EMPTY_BODY = YES;
				CLANG_WARN_ENUM_CONVERSION = YES;
				CLANG_WARN_INFINITE_RECURSION = YES;
				CLANG_WARN_INT_CONVERSION = YES;
				CLANG_WARN_NON_LITERAL_NULL_CONVERSION = YES;
				CLANG_WARN_OBJC_IMPLICIT_RETAIN_SELF = YES;
				CLANG_WARN_OBJC_LITERAL_CONVERSION = YES;
				CLANG_WARN_OBJC_ROOT_CLASS = YES_ERROR;
				CLANG_WARN_QUOTED_INCLUDE_IN_FRAMEWORK_HEADER = YES;
				CLANG_WARN_RANGE_LOOP_ANALYSIS = YES;
				CLANG_WARN_STRICT_PROTOTYPES = YES;
				CLANG_WARN_SUSPICIOUS_MOVE = YES;
				CLANG_WARN_UNGUARDED_AVAILABILITY = YES_AGGRESSIVE;
				CLANG_WARN_UNREACHABLE_CODE = YES;
				CLANG_WARN__DUPLICATE_METHOD_MATCH = YES;
				COPY_PHASE_STRIP = NO;
				DEBUG_INFORMATION_FORMAT = dwarf;
				ENABLE_STRICT_OBJC_MSGSEND = YES;
				ENABLE_TESTABILITY = YES;
				ENABLE_USER_SCRIPT_SANDBOXING = YES;
				GCC_C_LANGUAGE_STANDARD = gnu17;
				GCC_DYNAMIC_NO_PIC = NO;
				GCC_NO_COMMON_BLOCKS = YES;
				GCC_OPTIMIZATION_LEVEL = 0;
				GCC_PREPROCESSOR_DEFINITIONS = (
					"DEBUG=1",
					"$(inherited)",
				);
				GCC_WARN_64_TO_32_BIT_CONVERSION = YES;
				GCC_WARN_ABOUT_RETURN_TYPE = YES_ERROR;
				GCC_WARN_UNDECLARED_SELECTOR = YES;
				GCC_WARN_UNINITIALIZED_AUTOS = YES_AGGRESSIVE;
				GCC_WARN_UNUSED_FUNCTION = YES;
				GCC_WARN_UNUSED_VARIABLE = YES;
				IPHONEOS_DEPLOYMENT_TARGET = 17.0;
				MTL_ENABLE_DEBUG_INFO = INCLUDE_SOURCE;
				MTL_FAST_MATH = YES;
				ONLY_ACTIVE_ARCH = YES;
				SDKROOT = iphoneos;
				SWIFT_ACTIVE_COMPILATION_CONDITIONS = "DEBUG $(inherited)";
				SWIFT_OPTIMIZATION_LEVEL = "-Onone";
			};
			name = Debug;
		};
		BC_RELEASE /* Release */ = {
			isa = XCBuildConfiguration;
			buildSettings = {
				ALWAYS_SEARCH_USER_PATHS = NO;
				ASSETCATALOG_COMPILER_GENERATE_SWIFT_ASSET_SYMBOL_EXTENSIONS = YES;
				CLANG_ANALYZER_NONNULL = YES;
				CLANG_ANALYZER_NUMBER_OBJECT_CONVERSION = YES_AGGRESSIVE;
				CLANG_CXX_LANGUAGE_STANDARD = "gnu++20";
				CLANG_ENABLE_MODULES = YES;
				CLANG_ENABLE_OBJC_ARC = YES;
				CLANG_ENABLE_OBJC_WEAK = YES;
				CLANG_WARN_BLOCK_CAPTURE_AUTORELEASING = YES;
				CLANG_WARN_BOOL_CONVERSION = YES;
				CLANG_WARN_COMMA = YES;
				CLANG_WARN_CONSTANT_CONVERSION = YES;
				CLANG_WARN_DEPRECATED_OBJC_IMPLEMENTATIONS = YES;
				CLANG_WARN_DIRECT_OBJC_ISA_USAGE = YES_ERROR;
				CLANG_WARN_DOCUMENTATION_COMMENTS = YES;
				CLANG_WARN_EMPTY_BODY = YES;
				CLANG_WARN_ENUM_CONVERSION = YES;
				CLANG_WARN_INFINITE_RECURSION = YES;
				CLANG_WARN_INT_CONVERSION = YES;
				CLANG_WARN_NON_LITERAL_NULL_CONVERSION = YES;
				CLANG_WARN_OBJC_IMPLICIT_RETAIN_SELF = YES;
				CLANG_WARN_OBJC_LITERAL_CONVERSION = YES;
				CLANG_WARN_OBJC_ROOT_CLASS = YES_ERROR;
				CLANG_WARN_QUOTED_INCLUDE_IN_FRAMEWORK_HEADER = YES;
				CLANG_WARN_RANGE_LOOP_ANALYSIS = YES;
				CLANG_WARN_STRICT_PROTOTYPES = YES;
				CLANG_WARN_SUSPICIOUS_MOVE = YES;
				CLANG_WARN_UNGUARDED_AVAILABILITY = YES_AGGRESSIVE;
				CLANG_WARN_UNREACHABLE_CODE = YES;
				CLANG_WARN__DUPLICATE_METHOD_MATCH = YES;
				COPY_PHASE_STRIP = NO;
				DEBUG_INFORMATION_FORMAT = "dwarf-with-dsym";
				ENABLE_NS_ASSERTIONS = NO;
				ENABLE_STRICT_OBJC_MSGSEND = YES;
				ENABLE_USER_SCRIPT_SANDBOXING = YES;
				GCC_C_LANGUAGE_STANDARD = gnu17;
				GCC_NO_COMMON_BLOCKS = YES;
				GCC_WARN_64_TO_32_BIT_CONVERSION = YES;
				GCC_WARN_ABOUT_RETURN_TYPE = YES_ERROR;
				GCC_WARN_UNDECLARED_SELECTOR = YES;
				GCC_WARN_UNINITIALIZED_AUTOS = YES_AGGRESSIVE;
				GCC_WARN_UNUSED_FUNCTION = YES;
				GCC_WARN_UNUSED_VARIABLE = YES;
				IPHONEOS_DEPLOYMENT_TARGET = 17.0;
				MTL_ENABLE_DEBUG_INFO = NO;
				MTL_FAST_MATH = YES;
				SDKROOT = iphoneos;
				SWIFT_COMPILATION_MODE = wholemodule;
				VALIDATE_PRODUCT = YES;
			};
			name = Release;
		};
		TC_DEBUG /* Debug */ = {
			isa = XCBuildConfiguration;
			buildSettings = {
				ASSETCATALOG_COMPILER_APPICON_NAME = AppIcon;
				ASSETCATALOG_COMPILER_GLOBAL_ACCENT_COLOR_NAME = AccentColor;
				CODE_SIGN_STYLE = Automatic;
				CURRENT_PROJECT_VERSION = 1;
				DEVELOPMENT_ASSET_PATHS = "";
				ENABLE_PREVIEWS = YES;
				GENERATE_INFOPLIST_FILE = NO;
				INFOPLIST_FILE = RoastBot/Info.plist;
				INFOPLIST_KEY_UIApplicationSceneManifest_Generation = NO;
				INFOPLIST_KEY_UIApplicationSupportsIndirectInputEvents = YES;
				INFOPLIST_KEY_UILaunchScreen_Generation = YES;
				INFOPLIST_KEY_UISupportedInterfaceOrientations_iPhone = UIInterfaceOrientationPortrait;
				LD_RUNPATH_SEARCH_PATHS = (
					"$(inherited)",
					"@executable_path/Frameworks",
				);
				MARKETING_VERSION = 1.0;
				PRODUCT_BUNDLE_IDENTIFIER = com.roastbot.app;
				PRODUCT_NAME = "$(TARGET_NAME)";
				SWIFT_EMIT_LOC_STRINGS = YES;
				SWIFT_VERSION = 5.0;
				TARGETED_DEVICE_FAMILY = 1;
			};
			name = Debug;
		};
		TC_RELEASE /* Release */ = {
			isa = XCBuildConfiguration;
			buildSettings = {
				ASSETCATALOG_COMPILER_APPICON_NAME = AppIcon;
				ASSETCATALOG_COMPILER_GLOBAL_ACCENT_COLOR_NAME = AccentColor;
				CODE_SIGN_STYLE = Automatic;
				CURRENT_PROJECT_VERSION = 1;
				DEVELOPMENT_ASSET_PATHS = "";
				ENABLE_PREVIEWS = YES;
				GENERATE_INFOPLIST_FILE = NO;
				INFOPLIST_FILE = RoastBot/Info.plist;
				INFOPLIST_KEY_UIApplicationSceneManifest_Generation = NO;
				INFOPLIST_KEY_UIApplicationSupportsIndirectInputEvents = YES;
				INFOPLIST_KEY_UILaunchScreen_Generation = YES;
				INFOPLIST_KEY_UISupportedInterfaceOrientations_iPhone = UIInterfaceOrientationPortrait;
				LD_RUNPATH_SEARCH_PATHS = (
					"$(inherited)",
					"@executable_path/Frameworks",
				);
				MARKETING_VERSION = 1.0;
				PRODUCT_BUNDLE_IDENTIFIER = com.roastbot.app;
				PRODUCT_NAME = "$(TARGET_NAME)";
				SWIFT_EMIT_LOC_STRINGS = YES;
				SWIFT_VERSION = 5.0;
				TARGETED_DEVICE_FAMILY = 1;
			};
			name = Release;
		};
/* End XCBuildConfiguration section */

/* Begin XCConfigurationList section */
		PROJCFG /* Build configuration list for PBXProject "RoastBot" */ = {
			isa = XCConfigurationList;
			buildConfigurations = (
				BC_DEBUG /* Debug */,
				BC_RELEASE /* Release */,
			);
			defaultConfigurationIsVisible = 0;
			defaultConfigurationName = Release;
		};
		BUILDCFG /* Build configuration list for PBXNativeTarget "RoastBot" */ = {
			isa = XCConfigurationList;
			buildConfigurations = (
				TC_DEBUG /* Debug */,
				TC_RELEASE /* Release */,
			);
			defaultConfigurationIsVisible = 0;
			defaultConfigurationName = Release;
		};
/* End XCConfigurationList section */
	};
	rootObject = PROJECT /* Project object */;
}
